// !$*UTF8*$!
{
	archiveVersion = 1;
	classes = {
	};
	objectVersion = 56;
	objects = {

/* Begin PBXBuildFile section */
		61778C532B2A030200AA00F1 /* GPEApp.swift in Sources */ = {isa = PBXBuildFile; fileRef = 61778C522B2A030200AA00F1 /* GPEApp.swift */; };
		61778C552B2A030200AA00F1 /* ContentView.swift in Sources */ = {isa = PBXBuildFile; fileRef = 61778C542B2A030200AA00F1 /* ContentView.swift */; };
		61778C572B2A030400AA00F1 /* Assets.xcassets in Resources */ = {isa = PBXBuildFile; fileRef = 61778C562B2A030400AA00F1 /* Assets.xcassets */; };
		61778C5A2B2A030400AA00F1 /* Preview Assets.xcassets in Resources */ = {isa = PBXBuildFile; fileRef = 61778C592B2A030400AA00F1 /* Preview Assets.xcassets */; };
		61778C612B2A035400AA00F1 /* PhysicsTile.sks in Resources */ = {isa = PBXBuildFile; fileRef = 61778C602B2A035400AA00F1 /* PhysicsTile.sks */; };
		61778C652B2A03A100AA00F1 /* MyScene.sks in Resources */ = {isa = PBXBuildFile; fileRef = 61778C642B2A03A100AA00F1 /* MyScene.sks */; };
		61778C672B2A04D000AA00F1 /* Background.sks in Resources */ = {isa = PBXBuildFile; fileRef = 61778C662B2A04D000AA00F1 /* Background.sks */; };
		61778C692B2A0AEF00AA00F1 /* Design.sks in Resources */ = {isa = PBXBuildFile; fileRef = 61778C682B2A0AEF00AA00F1 /* Design.sks */; };
		61778C6B2B2A0C8F00AA00F1 /* GameScene.swift in Sources */ = {isa = PBXBuildFile; fileRef = 61778C6A2B2A0C8F00AA00F1 /* GameScene.swift */; };
/* End PBXBuildFile section */

/* Begin PBXFileReference section */
		61778C4F2B2A030200AA00F1 /* GPE.app */ = {isa = PBXFileReference; explicitFileType = wrapper.application; includeInIndex = 0; path = GPE.app; sourceTree = BUILT_PRODUCTS_DIR; };
		61778C522B2A030200AA00F1 /* GPEApp.swift */ = {isa = PBXFileReference; lastKnownFileType = sourcecode.swift; path = GPEApp.swift; sourceTree = "<group>"; };
		61778C542B2A030200AA00F1 /* ContentView.swift */ = {isa = PBXFileReference; lastKnownFileType = sourcecode.swift; path = ContentView.swift; sourceTree = "<group>"; };
		61778C562B2A030400AA00F1 /* Assets.xcassets */ = {isa = PBXFileReference; lastKnownFileType = folder.assetcatalog; path = Assets.xcassets; sourceTree = "<group>"; };
		61778C592B2A030400AA00F1 /* Preview Assets.xcassets */ = {isa = PBXFileReference; lastKnownFileType = folder.assetcatalog; path = "Preview Assets.xcassets"; sourceTree = "<group>"; };
		61778C602B2A035400AA00F1 /* PhysicsTile.sks */ = {isa = PBXFileReference; lastKnownFileType = file.sks; path = PhysicsTile.sks; sourceTree = "<group>"; };
		61778C642B2A03A100AA00F1 /* MyScene.sks */ = {isa = PBXFileReference; lastKnownFileType = file.sks; path = MyScene.sks; sourceTree = "<group>"; };
		61778C662B2A04D000AA00F1 /* Background.sks */ = {isa = PBXFileReference; lastKnownFileType = file.sks; path = Background.sks; sourceTree = "<group>"; };
		61778C682B2A0AEF00AA00F1 /* Design.sks */ = {isa = PBXFileReference; lastKnownFileType = file.sks; path = Design.sks; sourceTree = "<group>"; };
		61778C6A2B2A0C8F00AA00F1 /* GameScene.swift */ = {isa = PBXFileReference; lastKnownFileType = sourcecode.swift; path = GameScene.swift; sourceTree = "<group>"; };
/* End PBXFileReference section */

/* Begin PBXFrameworksBuildPhase section */
		61778C4C2B2A030200AA00F1 /* Frameworks */ = {
			isa = PBXFrameworksBuildPhase;
			buildActionMask = 2147483647;
			files = (
			);
			runOnlyForDeploymentPostprocessing = 0;
		};
/* End PBXFrameworksBuildPhase section */

/* Begin PBXGroup section */
		61778C462B2A030200AA00F1 = {
			isa = PBXGroup;
			children = (
				61778C512B2A030200AA00F1 /* GPE */,
				61778C502B2A030200AA00F1 /* Products */,
			);
			sourceTree = "<group>";
		};
		61778C502B2A030200AA00F1 /* Products */ = {
			isa = PBXGroup;
			children = (
				61778C4F2B2A030200AA00F1 /* GPE.app */,
			);
			name = Products;
			sourceTree = "<group>";
		};
		61778C512B2A030200AA00F1 /* GPE */ = {
			isa = PBXGroup;
			children = (
				61778C522B2A030200AA00F1 /* GPEApp.swift */,
				61778C542B2A030200AA00F1 /* ContentView.swift */,
				61778C6A2B2A0C8F00AA00F1 /* GameScene.swift */,
				61778C562B2A030400AA00F1 /* Assets.xcassets */,
				61778C642B2A03A100AA00F1 /* MyScene.sks */,
				61778C602B2A035400AA00F1 /* PhysicsTile.sks */,
				61778C662B2A04D000AA00F1 /* Background.sks */,
				61778C682B2A0AEF00AA00F1 /* Design.sks */,
				61778C582B2A030400AA00F1 /* Preview Content */,
			);
			path = GPE;
			sourceTree = "<group>";
		};
		61778C582B2A030400AA00F1 /* Preview Content */ = {
			isa = PBXGroup;
			children = (
				61778C592B2A030400AA00F1 /* Preview Assets.xcassets */,
			);
			path = "Preview Content";
			sourceTree = "<group>";
		};
/* End PBXGroup section */

/* Begin PBXNativeTarget section */
		61778C4E2B2A030200AA00F1 /* GPE */ = {
			isa = PBXNativeTarget;
			buildConfigurationList = 61778C5D2B2A030400AA00F1 /* Build configuration list for PBXNativeTarget "GPE" */;
			buildPhases = (
				61778C4B2B2A030200AA00F1 /* Sources */,
				61778C4C2B2A030200AA00F1 /* Frameworks */,
				61778C4D2B2A030200AA00F1 /* Resources */,
			);
			buildRules = (
			);
			dependencies = (
			);
			name = GPE;
			productName = GPE;
			productReference = 61778C4F2B2A030200AA00F1 /* GPE.app */;
			productType = "com.apple.product-type.application";
		};
/* End PBXNativeTarget section */

/* Begin PBXProject section */
		61778C472B2A030200AA00F1 /* Project object */ = {
			isa = PBXProject;
			attributes = {
				BuildIndependentTargetsInParallel = 1;
				LastSwiftUpdateCheck = 1500;
				LastUpgradeCheck = 1500;
				TargetAttributes = {
					61778C4E2B2A030200AA00F1 = {
						CreatedOnToolsVersion = 15.0;
					};
				};
			};
			buildConfigurationList = 61778C4A2B2A030200AA00F1 /* Build configuration list for PBXProject "GPE" */;
			compatibilityVersion = "Xcode 14.0";
			developmentRegion = en;
			hasScannedForEncodings = 0;
			knownRegions = (
				en,
				Base,
			);
			mainGroup = 61778C462B2A030200AA00F1;
			productRefGroup = 61778C502B2A030200AA00F1 /* Products */;
			projectDirPath = "";
			projectRoot = "";
			targets = (
				61778C4E2B2A030200AA00F1 /* GPE */,
			);
		};
/* End PBXProject section */

/* Begin PBXResourcesBuildPhase section */
		61778C4D2B2A030200AA00F1 /* Resources */ = {
			isa = PBXResourcesBuildPhase;
			buildActionMask = 2147483647;
			files = (
				61778C5A2B2A030400AA00F1 /* Preview Assets.xcassets in Resources */,
				61778C652B2A03A100AA00F1 /* MyScene.sks in Resources */,
				61778C672B2A04D000AA00F1 /* Background.sks in Resources */,
				61778C572B2A030400AA00F1 /* Assets.xcassets in Resources */,
				61778C612B2A035400AA00F1 /* PhysicsTile.sks in Resources */,
				61778C692B2A0AEF00AA00F1 /* Design.sks in Resources */,
			);
			runOnlyForDeploymentPostprocessing = 0;
		};
/* End PBXResourcesBuildPhase section */

/* Begin PBXSourcesBuildPhase section */
		61778C4B2B2A030200AA00F1 /* Sources */ = {
			isa = PBXSourcesBuildPhase;
			buildActionMask = 2147483647;
			files = (
				61778C6B2B2A0C8F00AA00F1 /* GameScene.swift in Sources */,
				61778C552B2A030200AA00F1 /* ContentView.swift in Sources */,
				61778C532B2A030200AA00F1 /* GPEApp.swift in Sources */,
			);
			runOnlyForDeploymentPostprocessing = 0;
		};
/* End PBXSourcesBuildPhase section */

/* Begin XCBuildConfiguration section */
		61778C5B2B2A030400AA00F1 /* Debug */ = {
			isa = XCBuildConfiguration;
			buildSettings = {
				ALWAYS_SEARCH_USER_PATHS = NO;
				ASSETCATALOG_COMPILER_GENERATE_SWIFT_ASSET_SYMBOL_EXTENSIONS = YES;
				CLANG_ANALYZER_NONNULL = YES;
				CLANG_ANALYZER_NUMBER_OBJECT_CONVERSION = YES_AGGRESSIVE;
				CLANG_CXX_LANGUAGE_STANDARD = "gnu++20";
				CLANG_ENABLE_MODULES = YES;
				CLANG_ENABLE_OBJC_ARC = YES;
				CLANG_ENABLE_OBJC_WEAK = YES;
				CLANG_WARN_BLOCK_CAPTURE_AUTORELEASING = YES;
				CLANG_WARN_BOOL_CONVERSION = YES;
				CLANG_WARN_COMMA = YES;
				CLANG_WARN_CONSTANT_CONVERSION = YES;
				CLANG_WARN_DEPRECATED_OBJC_IMPLEMENTATIONS = YES;
				CLANG_WARN_DIRECT_OBJC_ISA_USAGE = YES_ERROR;
				CLANG_WARN_DOCUMENTATION_COMMENTS = YES;
				CLANG_WARN_EMPTY_BODY = YES;
				CLANG_WARN_ENUM_CONVERSION = YES;
				CLANG_WARN_INFINITE_RECURSION = YES;
				CLANG_WARN_INT_CONVERSION = YES;
				CLANG_WARN_NON_LITERAL_NULL_CONVERSION = YES;
				CLANG_WARN_OBJC_IMPLICIT_RETAIN_SELF = YES;
				CLANG_WARN_OBJC_LITERAL_CONVERSION = YES;
				CLANG_WARN_OBJC_ROOT_CLASS = YES_ERROR;
				CLANG_WARN_QUOTED_INCLUDE_IN_FRAMEWORK_HEADER = YES;
				CLANG_WARN_RANGE_LOOP_ANALYSIS = YES;
				CLANG_WARN_STRICT_PROTOTYPES = YES;
				CLANG_WARN_SUSPICIOUS_MOVE = YES;
				CLANG_WARN_UNGUARDED_AVAILABILITY = YES_AGGRESSIVE;
				CLANG_WARN_UNREACHABLE_CODE = YES;
				CLANG_WARN__DUPLICATE_METHOD_MATCH = YES;
				COPY_PHASE_STRIP = NO;
				DEBUG_INFORMATION_FORMAT = dwarf;
				ENABLE_STRICT_OBJC_MSGSEND = YES;
				ENABLE_TESTABILITY = YES;
				ENABLE_USER_SCRIPT_SANDBOXING = YES;
				GCC_C_LANGUAGE_STANDARD = gnu17;
				GCC_DYNAMIC_NO_PIC = NO;
				GCC_NO_COMMON_BLOCKS = YES;
				GCC_OPTIMIZATION_LEVEL = 0;
				GCC_PREPROCESSOR_DEFINITIONS = (
					"DEBUG=1",
					"$(inherited)",
				);
				GCC_WARN_64_TO_32_BIT_CONVERSION = YES;
				GCC_WARN_ABOUT_RETURN_TYPE = YES_ERROR;
				GCC_WARN_UNDECLARED_SELECTOR = YES;
				GCC_WARN_UNINITIALIZED_AUTOS = YES_AGGRESSIVE;
				GCC_WARN_UNUSED_FUNCTION = YES;
				GCC_WARN_UNUSED_VARIABLE = YES;
				IPHONEOS_DEPLOYMENT_TARGET = 17.0;
				LOCALIZATION_PREFERS_STRING_CATALOGS = YES;
				MTL_ENABLE_DEBUG_INFO = INCLUDE_SOURCE;
				MTL_FAST_MATH = YES;
				ONLY_ACTIVE_ARCH = YES;
				SDKROOT = iphoneos;
				SWIFT_ACTIVE_COMPILATION_CONDITIONS = "DEBUG $(inherited)";
				SWIFT_OPTIMIZATION_LEVEL = "-Onone";
			};
			name = Debug;
		};
		61778C5C2B2A030400AA00F1 /* Release */ = {
			isa = XCBuildConfiguration;
			buildSettings = {
				ALWAYS_SEARCH_USER_PATHS = NO;
				ASSETCATALOG_COMPILER_GENERATE_SWIFT_ASSET_SYMBOL_EXTENSIONS = YES;
				CLANG_ANALYZER_NONNULL = YES;
				CLANG_ANALYZER_NUMBER_OBJECT_CONVERSION = YES_AGGRESSIVE;
				CLANG_CXX_LANGUAGE_STANDARD = "gnu++20";
				CLANG_ENABLE_MODULES = YES;
				CLANG_ENABLE_OBJC_ARC = YES;
				CLANG_ENABLE_OBJC_WEAK = YES;
				CLANG_WARN_BLOCK_CAPTURE_AUTORELEASING = YES;
				CLANG_WARN_BOOL_CONVERSION = YES;
				CLANG_WARN_COMMA = YES;
				CLANG_WARN_CONSTANT_CONVERSION = YES;
				CLANG_WARN_DEPRECATED_OBJC_IMPLEMENTATIONS = YES;
				CLANG_WARN_DIRECT_OBJC_ISA_USAGE = YES_ERROR;
				CLANG_WARN_DOCUMENTATION_COMMENTS = YES;
				CLANG_WARN_EMPTY_BODY = YES;
				CLANG_WARN_ENUM_CONVERSION = YES;
				CLANG_WARN_INFINITE_RECURSION = YES;
				CLANG_WARN_INT_CONVERSION = YES;
				CLANG_WARN_NON_LITERAL_NULL_CONVERSION = YES;
				CLANG_WARN_OBJC_IMPLICIT_RETAIN_SELF = YES;
				CLANG_WARN_OBJC_LITERAL_CONVERSION = YES;
				CLANG_WARN_OBJC_ROOT_CLASS = YES_ERROR;
				CLANG_WARN_QUOTED_INCLUDE_IN_FRAMEWORK_HEADER = YES;
				CLANG_WARN_RANGE_LOOP_ANALYSIS = YES;
				CLANG_WARN_STRICT_PROTOTYPES = YES;
				CLANG_WARN_SUSPICIOUS_MOVE = YES;
				CLANG_WARN_UNGUARDED_AVAILABILITY = YES_AGGRESSIVE;
				CLANG_WARN_UNREACHABLE_CODE = YES;
				CLANG_WARN__DUPLICATE_METHOD_MATCH = YES;
				COPY_PHASE_STRIP = NO;
				DEBUG_INFORMATION_FORMAT = "dwarf-with-dsym";
				ENABLE_NS_ASSERTIONS = NO;
				ENABLE_STRICT_OBJC_MSGSEND = YES;
				ENABLE_USER_SCRIPT_SANDBOXING = YES;
				GCC_C_LANGUAGE_STANDARD = gnu17;
				GCC_NO_COMMON_BLOCKS = YES;
				GCC_WARN_64_TO_32_BIT_CONVERSION = YES;
				GCC_WARN_ABOUT_RETURN_TYPE = YES_ERROR;
				GCC_WARN_UNDECLARED_SELECTOR = YES;
				GCC_WARN_UNINITIALIZED_AUTOS = YES_AGGRESSIVE;
				GCC_WARN_UNUSED_FUNCTION = YES;
				GCC_WARN_UNUSED_VARIABLE = YES;
				IPHONEOS_DEPLOYMENT_TARGET = 17.0;
				LOCALIZATION_PREFERS_STRING_CATALOGS = YES;
				MTL_ENABLE_DEBUG_INFO = NO;
				MTL_FAST_MATH = YES;
				SDKROOT = iphoneos;
				SWIFT_COMPILATION_MODE = wholemodule;
				VALIDATE_PRODUCT = YES;
			};
			name = Release;
		};
		61778C5E2B2A030400AA00F1 /* Debug */ = {
			isa = XCBuildConfiguration;
			buildSettings = {
				ASSETCATALOG_COMPILER_APPICON_NAME = AppIcon;
				ASSETCATALOG_COMPILER_GLOBAL_ACCENT_COLOR_NAME = AccentColor;
				CODE_SIGN_STYLE = Automatic;
				CURRENT_PROJECT_VERSION = 1;
				DEVELOPMENT_ASSET_PATHS = "\"GPE/Preview Content\"";
				DEVELOPMENT_TEAM = APLWN77NR8;
				ENABLE_PREVIEWS = YES;
				GENERATE_INFOPLIST_FILE = YES;
				INFOPLIST_KEY_UIApplicationSceneManifest_Generation = YES;
				INFOPLIST_KEY_UIApplicationSupportsIndirectInputEvents = YES;
				INFOPLIST_KEY_UILaunchScreen_Generation = YES;
				INFOPLIST_KEY_UISupportedInterfaceOrientations_iPad = "UIInterfaceOrientationPortrait UIInterfaceOrientationPortraitUpsideDown UIInterfaceOrientationLandscapeLeft UIInterfaceOrientationLandscapeRight";
				INFOPLIST_KEY_UISupportedInterfaceOrientations_iPhone = "UIInterfaceOrientationPortrait UIInterfaceOrientationLandscapeLeft UIInterfaceOrientationLandscapeRight";
				LD_RUNPATH_SEARCH_PATHS = (
					"$(inherited)",
					"@executable_path/Frameworks",
				);
				MARKETING_VERSION = 1.0;
				PRODUCT_BUNDLE_IDENTIFIER = com.lorenzospinosa.GPE;
				PRODUCT_NAME = "$(TARGET_NAME)";
				SWIFT_EMIT_LOC_STRINGS = YES;
				SWIFT_VERSION = 5.0;
				TARGETED_DEVICE_FAMILY = "1,2";
			};
			name = Debug;
		};
		61778C5F2B2A030400AA00F1 /* Release */ = {
			isa = XCBuildConfiguration;
			buildSettings = {
				ASSETCATALOG_COMPILER_APPICON_NAME = AppIcon;
				ASSETCATALOG_COMPILER_GLOBAL_ACCENT_COLOR_NAME = AccentColor;
				CODE_SIGN_STYLE = Automatic;
				CURRENT_PROJECT_VERSION = 1;
				DEVELOPMENT_ASSET_PATHS = "\"GPE/Preview Content\"";
				DEVELOPMENT_TEAM = APLWN77NR8;
				ENABLE_PREVIEWS = YES;
				GENERATE_INFOPLIST_FILE = YES;
				INFOPLIST_KEY_UIApplicationSceneManifest_Generation = YES;
				INFOPLIST_KEY_UIApplicationSupportsIndirectInputEvents = YES;
				INFOPLIST_KEY_UILaunchScreen_Generation = YES;
				INFOPLIST_KEY_UISupportedInterfaceOrientations_iPad = "UIInterfaceOrientationPortrait UIInterfaceOrientationPortraitUpsideDown UIInterfaceOrientationLandscapeLeft UIInterfaceOrientationLandscapeRight";
				INFOPLIST_KEY_UISupportedInterfaceOrientations_iPhone = "UIInterfaceOrientationPortrait UIInterfaceOrientationLandscapeLeft UIInterfaceOrientationLandscapeRight";
				LD_RUNPATH_SEARCH_PATHS = (
					"$(inherited)",
					"@executable_path/Frameworks",
				);
				MARKETING_VERSION = 1.0;
				PRODUCT_BUNDLE_IDENTIFIER = com.lorenzospinosa.GPE;
				PRODUCT_NAME = "$(TARGET_NAME)";
				SWIFT_EMIT_LOC_STRINGS = YES;
				SWIFT_VERSION = 5.0;
				TARGETED_DEVICE_FAMILY = "1,2";
			};
			name = Release;
		};
/* End XCBuildConfiguration section */

/* Begin XCConfigurationList section */
		61778C4A2B2A030200AA00F1 /* Build configuration list for PBXProject "GPE" */ = {
			isa = XCConfigurationList;
			buildConfigurations = (
				61778C5B2B2A030400AA00F1 /* Debug */,
				61778C5C2B2A030400AA00F1 /* Release */,
			);
			defaultConfigurationIsVisible = 0;
			defaultConfigurationName = Release;
		};
		61778C5D2B2A030400AA00F1 /* Build configuration list for PBXNativeTarget "GPE" */ = {
			isa = XCConfigurationList;
			buildConfigurations = (
				61778C5E2B2A030400AA00F1 /* Debug */,
				61778C5F2B2A030400AA00F1 /* Release */,
			);
			defaultConfigurationIsVisible = 0;
			defaultConfigurationName = Release;
		};
/* End XCConfigurationList section */
	};
	rootObject = 61778C472B2A030200AA00F1 /* Project object */;
}
